// !$*UTF8*$!
{
	archiveVersion = 1;
	classes = {
	};
	objectVersion = 56;
	objects = {

/* Begin PBXBuildFile section */
		154B7EB02BB700D500151338 /* AppDelegate.swift in Sources */ = {isa = PBXBuildFile; fileRef = 154B7EAF2BB700D500151338 /* AppDelegate.swift */; };
		154B7EB22BB700D500151338 /* SceneDelegate.swift in Sources */ = {isa = PBXBuildFile; fileRef = 154B7EB12BB700D500151338 /* SceneDelegate.swift */; };
		154B7EB42BB700D500151338 /* LoginView.swift in Sources */ = {isa = PBXBuildFile; fileRef = 154B7EB32BB700D500151338 /* LoginView.swift */; };
		154B7EB72BB700D500151338 /* Main.storyboard in Resources */ = {isa = PBXBuildFile; fileRef = 154B7EB52BB700D500151338 /* Main.storyboard */; };
		154B7EB92BB700DC00151338 /* Assets.xcassets in Resources */ = {isa = PBXBuildFile; fileRef = 154B7EB82BB700DC00151338 /* Assets.xcassets */; };
		154B7EBC2BB700DC00151338 /* LaunchScreen.storyboard in Resources */ = {isa = PBXBuildFile; fileRef = 154B7EBA2BB700DC00151338 /* LaunchScreen.storyboard */; };
		154B7EC52BB7037900151338 /* LoginViewModel.swift in Sources */ = {isa = PBXBuildFile; fileRef = 154B7EC42BB7037900151338 /* LoginViewModel.swift */; };
		154B7EC82BB703D900151338 /* APIClient.swift in Sources */ = {isa = PBXBuildFile; fileRef = 154B7EC72BB703D900151338 /* APIClient.swift */; };
		154B7ECA2BB7090200151338 /* User.swift in Sources */ = {isa = PBXBuildFile; fileRef = 154B7EC92BB7090200151338 /* User.swift */; };
/* End PBXBuildFile section */

/* Begin PBXFileReference section */
		154B7EAC2BB700D500151338 /* Architecture-MVVM.app */ = {isa = PBXFileReference; explicitFileType = wrapper.application; includeInIndex = 0; path = "Architecture-MVVM.app"; sourceTree = BUILT_PRODUCTS_DIR; };
		154B7EAF2BB700D500151338 /* AppDelegate.swift */ = {isa = PBXFileReference; lastKnownFileType = sourcecode.swift; path = AppDelegate.swift; sourceTree = "<group>"; };
		154B7EB12BB700D500151338 /* SceneDelegate.swift */ = {isa = PBXFileReference; lastKnownFileType = sourcecode.swift; path = SceneDelegate.swift; sourceTree = "<group>"; };
		154B7EB32BB700D500151338 /* LoginView.swift */ = {isa = PBXFileReference; lastKnownFileType = sourcecode.swift; path = LoginView.swift; sourceTree = "<group>"; };
		154B7EB62BB700D500151338 /* Base */ = {isa = PBXFileReference; lastKnownFileType = file.storyboard; name = Base; path = Base.lproj/Main.storyboard; sourceTree = "<group>"; };
		154B7EB82BB700DC00151338 /* Assets.xcassets */ = {isa = PBXFileReference; lastKnownFileType = folder.assetcatalog; path = Assets.xcassets; sourceTree = "<group>"; };
		154B7EBB2BB700DC00151338 /* Base */ = {isa = PBXFileReference; lastKnownFileType = file.storyboard; name = Base; path = Base.lproj/LaunchScreen.storyboard; sourceTree = "<group>"; };
		154B7EBD2BB700DC00151338 /* Info.plist */ = {isa = PBXFileReference; lastKnownFileType = text.plist.xml; path = Info.plist; sourceTree = "<group>"; };
		154B7EC42BB7037900151338 /* LoginViewModel.swift */ = {isa = PBXFileReference; lastKnownFileType = sourcecode.swift; path = LoginViewModel.swift; sourceTree = "<group>"; };
		154B7EC72BB703D900151338 /* APIClient.swift */ = {isa = PBXFileReference; lastKnownFileType = sourcecode.swift; path = APIClient.swift; sourceTree = "<group>"; };
		154B7EC92BB7090200151338 /* User.swift */ = {isa = PBXFileReference; lastKnownFileType = sourcecode.swift; path = User.swift; sourceTree = "<group>"; };
/* End PBXFileReference section */

/* Begin PBXFrameworksBuildPhase section */
		154B7EA92BB700D500151338 /* Frameworks */ = {
			isa = PBXFrameworksBuildPhase;
			buildActionMask = 2147483647;
			files = (
			);
			runOnlyForDeploymentPostprocessing = 0;
		};
/* End PBXFrameworksBuildPhase section */

/* Begin PBXGroup section */
		154B7EA32BB700D500151338 = {
			isa = PBXGroup;
			children = (
				154B7EAE2BB700D500151338 /* Architecture-MVVM */,
				154B7EAD2BB700D500151338 /* Products */,
			);
			sourceTree = "<group>";
		};
		154B7EAD2BB700D500151338 /* Products */ = {
			isa = PBXGroup;
			children = (
				154B7EAC2BB700D500151338 /* Architecture-MVVM.app */,
			);
			name = Products;
			sourceTree = "<group>";
		};
		154B7EAE2BB700D500151338 /* Architecture-MVVM */ = {
			isa = PBXGroup;
			children = (
				154B7EC32BB7035E00151338 /* Login */,
				154B7EAF2BB700D500151338 /* AppDelegate.swift */,
				154B7EB12BB700D500151338 /* SceneDelegate.swift */,
				154B7EB52BB700D500151338 /* Main.storyboard */,
				154B7EB82BB700DC00151338 /* Assets.xcassets */,
				154B7EBA2BB700DC00151338 /* LaunchScreen.storyboard */,
				154B7EBD2BB700DC00151338 /* Info.plist */,
			);
			path = "Architecture-MVVM";
			sourceTree = "<group>";
		};
		154B7EC32BB7035E00151338 /* Login */ = {
			isa = PBXGroup;
			children = (
				154B7EB32BB700D500151338 /* LoginView.swift */,
				154B7EC42BB7037900151338 /* LoginViewModel.swift */,
				154B7EC62BB7038B00151338 /* Model */,
			);
			path = Login;
			sourceTree = "<group>";
		};
		154B7EC62BB7038B00151338 /* Model */ = {
			isa = PBXGroup;
			children = (
				154B7EC72BB703D900151338 /* APIClient.swift */,
				154B7EC92BB7090200151338 /* User.swift */,
			);
			path = Model;
			sourceTree = "<group>";
		};
/* End PBXGroup section */

/* Begin PBXNativeTarget section */
		154B7EAB2BB700D500151338 /* Architecture-MVVM */ = {
			isa = PBXNativeTarget;
			buildConfigurationList = 154B7EC02BB700DC00151338 /* Build configuration list for PBXNativeTarget "Architecture-MVVM" */;
			buildPhases = (
				154B7EA82BB700D500151338 /* Sources */,
				154B7EA92BB700D500151338 /* Frameworks */,
				154B7EAA2BB700D500151338 /* Resources */,
			);
			buildRules = (
			);
			dependencies = (
			);
			name = "Architecture-MVVM";
			productName = "Architecture-MVVM";
			productReference = 154B7EAC2BB700D500151338 /* Architecture-MVVM.app */;
			productType = "com.apple.product-type.application";
		};
/* End PBXNativeTarget section */

/* Begin PBXProject section */
		154B7EA42BB700D500151338 /* Project object */ = {
			isa = PBXProject;
			attributes = {
				BuildIndependentTargetsInParallel = 1;
				LastSwiftUpdateCheck = 1500;
				LastUpgradeCheck = 1500;
				TargetAttributes = {
					154B7EAB2BB700D500151338 = {
						CreatedOnToolsVersion = 15.0.1;
					};
				};
			};
			buildConfigurationList = 154B7EA72BB700D500151338 /* Build configuration list for PBXProject "Architecture-MVVM" */;
			compatibilityVersion = "Xcode 14.0";
			developmentRegion = en;
			hasScannedForEncodings = 0;
			knownRegions = (
				en,
				Base,
			);
			mainGroup = 154B7EA32BB700D500151338;
			productRefGroup = 154B7EAD2BB700D500151338 /* Products */;
			projectDirPath = "";
			projectRoot = "";
			targets = (
				154B7EAB2BB700D500151338 /* Architecture-MVVM */,
			);
		};
/* End PBXProject section */

/* Begin PBXResourcesBuildPhase section */
		154B7EAA2BB700D500151338 /* Resources */ = {
			isa = PBXResourcesBuildPhase;
			buildActionMask = 2147483647;
			files = (
				154B7EBC2BB700DC00151338 /* LaunchScreen.storyboard in Resources */,
				154B7EB92BB700DC00151338 /* Assets.xcassets in Resources */,
				154B7EB72BB700D500151338 /* Main.storyboard in Resources */,
			);
			runOnlyForDeploymentPostprocessing = 0;
		};
/* End PBXResourcesBuildPhase section */

/* Begin PBXSourcesBuildPhase section */
		154B7EA82BB700D500151338 /* Sources */ = {
			isa = PBXSourcesBuildPhase;
			buildActionMask = 2147483647;
			files = (
				154B7EC52BB7037900151338 /* LoginViewModel.swift in Sources */,
				154B7EB42BB700D500151338 /* LoginView.swift in Sources */,
				154B7ECA2BB7090200151338 /* User.swift in Sources */,
				154B7EB02BB700D500151338 /* AppDelegate.swift in Sources */,
				154B7EC82BB703D900151338 /* APIClient.swift in Sources */,
				154B7EB22BB700D500151338 /* SceneDelegate.swift in Sources */,
			);
			runOnlyForDeploymentPostprocessing = 0;
		};
/* End PBXSourcesBuildPhase section */

/* Begin PBXVariantGroup section */
		154B7EB52BB700D500151338 /* Main.storyboard */ = {
			isa = PBXVariantGroup;
			children = (
				154B7EB62BB700D500151338 /* Base */,
			);
			name = Main.storyboard;
			sourceTree = "<group>";
		};
		154B7EBA2BB700DC00151338 /* LaunchScreen.storyboard */ = {
			isa = PBXVariantGroup;
			children = (
				154B7EBB2BB700DC00151338 /* Base */,
			);
			name = LaunchScreen.storyboard;
			sourceTree = "<group>";
		};
/* End PBXVariantGroup section */

/* Begin XCBuildConfiguration section */
		154B7EBE2BB700DC00151338 /* Debug */ = {
			isa = XCBuildConfiguration;
			buildSettings = {
				ALWAYS_SEARCH_USER_PATHS = NO;
				ASSETCATALOG_COMPILER_GENERATE_SWIFT_ASSET_SYMBOL_EXTENSIONS = YES;
				CLANG_ANALYZER_NONNULL = YES;
				CLANG_ANALYZER_NUMBER_OBJECT_CONVERSION = YES_AGGRESSIVE;
				CLANG_CXX_LANGUAGE_STANDARD = "gnu++20";
				CLANG_ENABLE_MODULES = YES;
				CLANG_ENABLE_OBJC_ARC = YES;
				CLANG_ENABLE_OBJC_WEAK = YES;
				CLANG_WARN_BLOCK_CAPTURE_AUTORELEASING = YES;
				CLANG_WARN_BOOL_CONVERSION = YES;
				CLANG_WARN_COMMA = YES;
				CLANG_WARN_CONSTANT_CONVERSION = YES;
				CLANG_WARN_DEPRECATED_OBJC_IMPLEMENTATIONS = YES;
				CLANG_WARN_DIRECT_OBJC_ISA_USAGE = YES_ERROR;
				CLANG_WARN_DOCUMENTATION_COMMENTS = YES;
				CLANG_WARN_EMPTY_BODY = YES;
				CLANG_WARN_ENUM_CONVERSION = YES;
				CLANG_WARN_INFINITE_RECURSION = YES;
				CLANG_WARN_INT_CONVERSION = YES;
				CLANG_WARN_NON_LITERAL_NULL_CONVERSION = YES;
				CLANG_WARN_OBJC_IMPLICIT_RETAIN_SELF = YES;
				CLANG_WARN_OBJC_LITERAL_CONVERSION = YES;
				CLANG_WARN_OBJC_ROOT_CLASS = YES_ERROR;
				CLANG_WARN_QUOTED_INCLUDE_IN_FRAMEWORK_HEADER = YES;
				CLANG_WARN_RANGE_LOOP_ANALYSIS = YES;
				CLANG_WARN_STRICT_PROTOTYPES = YES;
				CLANG_WARN_SUSPICIOUS_MOVE = YES;
				CLANG_WARN_UNGUARDED_AVAILABILITY = YES_AGGRESSIVE;
				CLANG_WARN_UNREACHABLE_CODE = YES;
				CLANG_WARN__DUPLICATE_METHOD_MATCH = YES;
				COPY_PHASE_STRIP = NO;
				DEBUG_INFORMATION_FORMAT = dwarf;
				ENABLE_STRICT_OBJC_MSGSEND = YES;
				ENABLE_TESTABILITY = YES;
				ENABLE_USER_SCRIPT_SANDBOXING = YES;
				GCC_C_LANGUAGE_STANDARD = gnu17;
				GCC_DYNAMIC_NO_PIC = NO;
				GCC_NO_COMMON_BLOCKS = YES;
				GCC_OPTIMIZATION_LEVEL = 0;
				GCC_PREPROCESSOR_DEFINITIONS = (
					"DEBUG=1",
					"$(inherited)",
				);
				GCC_WARN_64_TO_32_BIT_CONVERSION = YES;
				GCC_WARN_ABOUT_RETURN_TYPE = YES_ERROR;
				GCC_WARN_UNDECLARED_SELECTOR = YES;
				GCC_WARN_UNINITIALIZED_AUTOS = YES_AGGRESSIVE;
				GCC_WARN_UNUSED_FUNCTION = YES;
				GCC_WARN_UNUSED_VARIABLE = YES;
				IPHONEOS_DEPLOYMENT_TARGET = 17.0;
				LOCALIZATION_PREFERS_STRING_CATALOGS = YES;
				MTL_ENABLE_DEBUG_INFO = INCLUDE_SOURCE;
				MTL_FAST_MATH = YES;
				ONLY_ACTIVE_ARCH = YES;
				SDKROOT = iphoneos;
				SWIFT_ACTIVE_COMPILATION_CONDITIONS = "DEBUG $(inherited)";
				SWIFT_OPTIMIZATION_LEVEL = "-Onone";
			};
			name = Debug;
		};
		154B7EBF2BB700DC00151338 /* Release */ = {
			isa = XCBuildConfiguration;
			buildSettings = {
				ALWAYS_SEARCH_USER_PATHS = NO;
				ASSETCATALOG_COMPILER_GENERATE_SWIFT_ASSET_SYMBOL_EXTENSIONS = YES;
				CLANG_ANALYZER_NONNULL = YES;
				CLANG_ANALYZER_NUMBER_OBJECT_CONVERSION = YES_AGGRESSIVE;
				CLANG_CXX_LANGUAGE_STANDARD = "gnu++20";
				CLANG_ENABLE_MODULES = YES;
				CLANG_ENABLE_OBJC_ARC = YES;
				CLANG_ENABLE_OBJC_WEAK = YES;
				CLANG_WARN_BLOCK_CAPTURE_AUTORELEASING = YES;
				CLANG_WARN_BOOL_CONVERSION = YES;
				CLANG_WARN_COMMA = YES;
				CLANG_WARN_CONSTANT_CONVERSION = YES;
				CLANG_WARN_DEPRECATED_OBJC_IMPLEMENTATIONS = YES;
				CLANG_WARN_DIRECT_OBJC_ISA_USAGE = YES_ERROR;
				CLANG_WARN_DOCUMENTATION_COMMENTS = YES;
				CLANG_WARN_EMPTY_BODY = YES;
				CLANG_WARN_ENUM_CONVERSION = YES;
				CLANG_WARN_INFINITE_RECURSION = YES;
				CLANG_WARN_INT_CONVERSION = YES;
				CLANG_WARN_NON_LITERAL_NULL_CONVERSION = YES;
				CLANG_WARN_OBJC_IMPLICIT_RETAIN_SELF = YES;
				CLANG_WARN_OBJC_LITERAL_CONVERSION = YES;
				CLANG_WARN_OBJC_ROOT_CLASS = YES_ERROR;
				CLANG_WARN_QUOTED_INCLUDE_IN_FRAMEWORK_HEADER = YES;
				CLANG_WARN_RANGE_LOOP_ANALYSIS = YES;
				CLANG_WARN_STRICT_PROTOTYPES = YES;
				CLANG_WARN_SUSPICIOUS_MOVE = YES;
				CLANG_WARN_UNGUARDED_AVAILABILITY = YES_AGGRESSIVE;
				CLANG_WARN_UNREACHABLE_CODE = YES;
				CLANG_WARN__DUPLICATE_METHOD_MATCH = YES;
				COPY_PHASE_STRIP = NO;
				DEBUG_INFORMATION_FORMAT = "dwarf-with-dsym";
				ENABLE_NS_ASSERTIONS = NO;
				ENABLE_STRICT_OBJC_MSGSEND = YES;
				ENABLE_USER_SCRIPT_SANDBOXING = YES;
				GCC_C_LANGUAGE_STANDARD = gnu17;
				GCC_NO_COMMON_BLOCKS = YES;
				GCC_WARN_64_TO_32_BIT_CONVERSION = YES;
				GCC_WARN_ABOUT_RETURN_TYPE = YES_ERROR;
				GCC_WARN_UNDECLARED_SELECTOR = YES;
				GCC_WARN_UNINITIALIZED_AUTOS = YES_AGGRESSIVE;
				GCC_WARN_UNUSED_FUNCTION = YES;
				GCC_WARN_UNUSED_VARIABLE = YES;
				IPHONEOS_DEPLOYMENT_TARGET = 17.0;
				LOCALIZATION_PREFERS_STRING_CATALOGS = YES;
				MTL_ENABLE_DEBUG_INFO = NO;
				MTL_FAST_MATH = YES;
				SDKROOT = iphoneos;
				SWIFT_COMPILATION_MODE = wholemodule;
				VALIDATE_PRODUCT = YES;
			};
			name = Release;
		};
		154B7EC12BB700DC00151338 /* Debug */ = {
			isa = XCBuildConfiguration;
			buildSettings = {
				ASSETCATALOG_COMPILER_APPICON_NAME = AppIcon;
				ASSETCATALOG_COMPILER_GLOBAL_ACCENT_COLOR_NAME = AccentColor;
				CODE_SIGN_STYLE = Automatic;
				CURRENT_PROJECT_VERSION = 1;
				DEVELOPMENT_TEAM = R436NVJAG8;
				GENERATE_INFOPLIST_FILE = YES;
				INFOPLIST_FILE = "Architecture-MVVM/Info.plist";
				INFOPLIST_KEY_UIApplicationSupportsIndirectInputEvents = YES;
				INFOPLIST_KEY_UILaunchStoryboardName = LaunchScreen;
				INFOPLIST_KEY_UIMainStoryboardFile = Main;
				INFOPLIST_KEY_UISupportedInterfaceOrientations_iPad = "UIInterfaceOrientationPortrait UIInterfaceOrientationPortraitUpsideDown UIInterfaceOrientationLandscapeLeft UIInterfaceOrientationLandscapeRight";
				INFOPLIST_KEY_UISupportedInterfaceOrientations_iPhone = "UIInterfaceOrientationPortrait UIInterfaceOrientationLandscapeLeft UIInterfaceOrientationLandscapeRight";
				LD_RUNPATH_SEARCH_PATHS = (
					"$(inherited)",
					"@executable_path/Frameworks",
				);
				MARKETING_VERSION = 1.0;
				PRODUCT_BUNDLE_IDENTIFIER = "com.nahuelglalin.Architecture-MVVM";
				PRODUCT_NAME = "$(TARGET_NAME)";
				SWIFT_EMIT_LOC_STRINGS = YES;
				SWIFT_VERSION = 5.0;
				TARGETED_DEVICE_FAMILY = "1,2";
			};
			name = Debug;
		};
		154B7EC22BB700DC00151338 /* Release */ = {
			isa = XCBuildConfiguration;
			buildSettings = {
				ASSETCATALOG_COMPILER_APPICON_NAME = AppIcon;
				ASSETCATALOG_COMPILER_GLOBAL_ACCENT_COLOR_NAME = AccentColor;
				CODE_SIGN_STYLE = Automatic;
				CURRENT_PROJECT_VERSION = 1;
				DEVELOPMENT_TEAM = R436NVJAG8;
				GENERATE_INFOPLIST_FILE = YES;
				INFOPLIST_FILE = "Architecture-MVVM/Info.plist";
				INFOPLIST_KEY_UIApplicationSupportsIndirectInputEvents = YES;
				INFOPLIST_KEY_UILaunchStoryboardName = LaunchScreen;
				INFOPLIST_KEY_UIMainStoryboardFile = Main;
				INFOPLIST_KEY_UISupportedInterfaceOrientations_iPad = "UIInterfaceOrientationPortrait UIInterfaceOrientationPortraitUpsideDown UIInterfaceOrientationLandscapeLeft UIInterfaceOrientationLandscapeRight";
				INFOPLIST_KEY_UISupportedInterfaceOrientations_iPhone = "UIInterfaceOrientationPortrait UIInterfaceOrientationLandscapeLeft UIInterfaceOrientationLandscapeRight";
				LD_RUNPATH_SEARCH_PATHS = (
					"$(inherited)",
					"@executable_path/Frameworks",
				);
				MARKETING_VERSION = 1.0;
				PRODUCT_BUNDLE_IDENTIFIER = "com.nahuelglalin.Architecture-MVVM";
				PRODUCT_NAME = "$(TARGET_NAME)";
				SWIFT_EMIT_LOC_STRINGS = YES;
				SWIFT_VERSION = 5.0;
				TARGETED_DEVICE_FAMILY = "1,2";
			};
			name = Release;
		};
/* End XCBuildConfiguration section */

/* Begin XCConfigurationList section */
		154B7EA72BB700D500151338 /* Build configuration list for PBXProject "Architecture-MVVM" */ = {
			isa = XCConfigurationList;
			buildConfigurations = (
				154B7EBE2BB700DC00151338 /* Debug */,
				154B7EBF2BB700DC00151338 /* Release */,
			);
			defaultConfigurationIsVisible = 0;
			defaultConfigurationName = Release;
		};
		154B7EC02BB700DC00151338 /* Build configuration list for PBXNativeTarget "Architecture-MVVM" */ = {
			isa = XCConfigurationList;
			buildConfigurations = (
				154B7EC12BB700DC00151338 /* Debug */,
				154B7EC22BB700DC00151338 /* Release */,
			);
			defaultConfigurationIsVisible = 0;
			defaultConfigurationName = Release;
		};
/* End XCConfigurationList section */
	};
	rootObject = 154B7EA42BB700D500151338 /* Project object */;
}
